
Microsoft Visual Studio Solution File, Format Version 12.00
# Visual Studio Version 16
VisualStudioVersion = 16.0.29613.14
MinimumVisualStudioVersion = 10.0.40219.1
Project("{FAE04EC0-301F-11D3-BF4B-00C04F79EFBC}") = "MVCFirstApp", "MVCFirstApp\MVCFirstApp.csproj", "{FA61E7D1-8CCD-4B02-A1CF-B7D30F990A37}"
EndProject
Global
	GlobalSection(SolutionConfigurationPlatforms) = preSolution
		Debug|Any CPU = Debug|Any CPU
		Release|Any CPU = Release|Any CPU
	EndGlobalSection
	GlobalSection(ProjectConfigurationPlatforms) = postSolution
		{FA61E7D1-8CCD-4B02-A1CF-B7D30F990A37}.Debug|Any CPU.ActiveCfg = Debug|Any CPU
		{FA61E7D1-8CCD-4B02-A1CF-B7D30F990A37}.Debug|Any CPU.Build.0 = Debug|Any CPU
		{FA61E7D1-8CCD-4B02-A1CF-B7D30F990A37}.Release|Any CPU.ActiveCfg = Release|Any CPU
		{FA61E7D1-8CCD-4B02-A1CF-B7D30F990A37}.Release|Any CPU.Build.0 = Release|Any CPU
	EndGlobalSection
	GlobalSection(SolutionProperties) = preSolution
		HideSolutionNode = FALSE
	EndGlobalSection
	GlobalSection(ExtensibilityGlobals) = postSolution
		SolutionGuid = {DB0CF60C-1233-4E1C-9D03-9E899672E3E8}
	EndGlobalSection
EndGlobal
